
Microsoft Visual Studio Solution File, Format Version 12.00
# Visual Studio 15
VisualStudioVersion = 15.0.27130.2010
MinimumVisualStudioVersion = 10.0.40219.1
Project("{FAE04EC0-301F-11D3-BF4B-00C04F79EFBC}") = "SmarterCalculator", "SmarterCalculator\SmarterCalculator.csproj", "{0EAB24FC-0953-49ED-88B6-E09324B3DA98}"
EndProject
Global
	GlobalSection(SolutionConfigurationPlatforms) = preSolution
		Debug|Any CPU = Debug|Any CPU
		Release|Any CPU = Release|Any CPU
	EndGlobalSection
	GlobalSection(ProjectConfigurationPlatforms) = postSolution
		{0EAB24FC-0953-49ED-88B6-E09324B3DA98}.Debug|Any CPU.ActiveCfg = Debug|Any CPU
		{0EAB24FC-0953-49ED-88B6-E09324B3DA98}.Debug|Any CPU.Build.0 = Debug|Any CPU
		{0EAB24FC-0953-49ED-88B6-E09324B3DA98}.Release|Any CPU.ActiveCfg = Release|Any CPU
		{0EAB24FC-0953-49ED-88B6-E09324B3DA98}.Release|Any CPU.Build.0 = Release|Any CPU
	EndGlobalSection
	GlobalSection(SolutionProperties) = preSolution
		HideSolutionNode = FALSE
	EndGlobalSection
	GlobalSection(ExtensibilityGlobals) = postSolution
		SolutionGuid = {D01DC760-6336-46AB-B780-A49BA6BF8B4E}
	EndGlobalSection
EndGlobal
